
Microsoft Visual Studio Solution File, Format Version 12.00
# Visual Studio Version 17
VisualStudioVersion = 17.0.32126.317
MinimumVisualStudioVersion = 10.0.40219.1
Project("{FAE04EC0-301F-11D3-BF4B-00C04F79EFBC}") = "SignalR", "SignalR\SignalR.csproj", "{9781B368-6979-46A5-B784-F0DB88B4C9CC}"
EndProject
Global
	GlobalSection(SolutionConfigurationPlatforms) = preSolution
		Debug|Any CPU = Debug|Any CPU
		Release|Any CPU = Release|Any CPU
	EndGlobalSection
	GlobalSection(ProjectConfigurationPlatforms) = postSolution
		{9781B368-6979-46A5-B784-F0DB88B4C9CC}.Debug|Any CPU.ActiveCfg = Debug|Any CPU
		{9781B368-6979-46A5-B784-F0DB88B4C9CC}.Debug|Any CPU.Build.0 = Debug|Any CPU
		{9781B368-6979-46A5-B784-F0DB88B4C9CC}.Release|Any CPU.ActiveCfg = Release|Any CPU
		{9781B368-6979-46A5-B784-F0DB88B4C9CC}.Release|Any CPU.Build.0 = Release|Any CPU
	EndGlobalSection
	GlobalSection(SolutionProperties) = preSolution
		HideSolutionNode = FALSE
	EndGlobalSection
	GlobalSection(ExtensibilityGlobals) = postSolution
		SolutionGuid = {432DAA86-35C3-434D-9EDC-1917295BBEFB}
	EndGlobalSection
EndGlobal
